
Microsoft Visual Studio Solution File, Format Version 12.00
# Visual Studio Version 16
VisualStudioVersion = 16.0.31205.134
MinimumVisualStudioVersion = 10.0.40219.1
Project("{FAE04EC0-301F-11D3-BF4B-00C04F79EFBC}") = "NBAKonferencja", "NBAKonferencja\NBAKonferencja.csproj", "{1204BE78-5B9E-472F-906F-3CE2A03C9FAE}"
EndProject
Global
	GlobalSection(SolutionConfigurationPlatforms) = preSolution
		Debug|Any CPU = Debug|Any CPU
		Release|Any CPU = Release|Any CPU
	EndGlobalSection
	GlobalSection(ProjectConfigurationPlatforms) = postSolution
		{1204BE78-5B9E-472F-906F-3CE2A03C9FAE}.Debug|Any CPU.ActiveCfg = Debug|Any CPU
		{1204BE78-5B9E-472F-906F-3CE2A03C9FAE}.Debug|Any CPU.Build.0 = Debug|Any CPU
		{1204BE78-5B9E-472F-906F-3CE2A03C9FAE}.Release|Any CPU.ActiveCfg = Release|Any CPU
		{1204BE78-5B9E-472F-906F-3CE2A03C9FAE}.Release|Any CPU.Build.0 = Release|Any CPU
	EndGlobalSection
	GlobalSection(SolutionProperties) = preSolution
		HideSolutionNode = FALSE
	EndGlobalSection
	GlobalSection(ExtensibilityGlobals) = postSolution
		SolutionGuid = {8FBA7A6E-CF49-4F5E-851A-BB03688A1030}
	EndGlobalSection
EndGlobal
